{
  "requires": true,
  "lockfileVersion": 1,
  "dependencies": {
    "ng2-signalr": {
      "version": "2.1.0",
      "resolved": "https://registry.npmjs.org/ng2-signalr/-/ng2-signalr-2.1.0.tgz",
      "integrity": "sha512-DoN6A+jwFkPSvE4M6Uggdn6XuRPErNxpRi+2VzSe0k4N7kmMdyvax9ahJmWEk04qx/ml3CWq1V2hXwTvxltIUQ=="
    }
  }
}
